
Microsoft Visual Studio Solution File, Format Version 12.00
# Visual Studio Version 16
VisualStudioVersion = 16.0.28803.352
MinimumVisualStudioVersion = 10.0.40219.1
Project("{FAE04EC0-301F-11D3-BF4B-00C04F79EFBC}") = "Game", "Game.csproj", "{8F0B4A43-961D-4E1F-A57E-8B192D4A6A75}"
EndProject
Global
	GlobalSection(SolutionConfigurationPlatforms) = preSolution
		Debug|Any CPU = Debug|Any CPU
		Release|Any CPU = Release|Any CPU
	EndGlobalSection
	GlobalSection(ProjectConfigurationPlatforms) = postSolution
		{8F0B4A43-961D-4E1F-A57E-8B192D4A6A75}.Debug|Any CPU.ActiveCfg = Debug|Any CPU
		{8F0B4A43-961D-4E1F-A57E-8B192D4A6A75}.Debug|Any CPU.Build.0 = Debug|Any CPU
		{8F0B4A43-961D-4E1F-A57E-8B192D4A6A75}.Release|Any CPU.ActiveCfg = Release|Any CPU
		{8F0B4A43-961D-4E1F-A57E-8B192D4A6A75}.Release|Any CPU.Build.0 = Release|Any CPU
	EndGlobalSection
	GlobalSection(SolutionProperties) = preSolution
		HideSolutionNode = FALSE
	EndGlobalSection
	GlobalSection(ExtensibilityGlobals) = postSolution
		SolutionGuid = {AACC8411-1B70-40FE-BC29-37A83B7623C7}
	EndGlobalSection
EndGlobal
